
Microsoft Visual Studio Solution File, Format Version 12.00
# Visual Studio 15
VisualStudioVersion = 15.0.28307.329
MinimumVisualStudioVersion = 10.0.40219.1
Project("{FAE04EC0-301F-11D3-BF4B-00C04F79EFBC}") = "task222", "task222\task222.csproj", "{9A6A77F3-4289-4A2F-9445-96A606FDEB20}"
EndProject
Global
	GlobalSection(SolutionConfigurationPlatforms) = preSolution
		Debug|Any CPU = Debug|Any CPU
		Release|Any CPU = Release|Any CPU
	EndGlobalSection
	GlobalSection(ProjectConfigurationPlatforms) = postSolution
		{9A6A77F3-4289-4A2F-9445-96A606FDEB20}.Debug|Any CPU.ActiveCfg = Debug|Any CPU
		{9A6A77F3-4289-4A2F-9445-96A606FDEB20}.Debug|Any CPU.Build.0 = Debug|Any CPU
		{9A6A77F3-4289-4A2F-9445-96A606FDEB20}.Release|Any CPU.ActiveCfg = Release|Any CPU
		{9A6A77F3-4289-4A2F-9445-96A606FDEB20}.Release|Any CPU.Build.0 = Release|Any CPU
	EndGlobalSection
	GlobalSection(SolutionProperties) = preSolution
		HideSolutionNode = FALSE
	EndGlobalSection
	GlobalSection(ExtensibilityGlobals) = postSolution
		SolutionGuid = {C28BBBD4-7458-4813-886F-9A0355B06BC3}
	EndGlobalSection
EndGlobal
